
Microsoft Visual Studio Solution File, Format Version 12.00
# Visual Studio 15
Project("{FAE04EC0-301F-11D3-BF4B-00C04F79EFBC}") = "RiseOfTheKoboldIKingV2", "RiseOfTheKoboldIKingV2.csproj", "{5E3DAB10-F946-6C54-CBCD-FB78106F3D12}"
EndProject
Project("{FAE04EC0-301F-11D3-BF4B-00C04F79EFBC}") = "RiseOfTheKoboldIKingV2.Plugins", "RiseOfTheKoboldIKingV2.Plugins.csproj", "{29E93A87-3AAC-011D-6394-BC79DA948DD0}"
EndProject
Project("{FAE04EC0-301F-11D3-BF4B-00C04F79EFBC}") = "RiseOfTheKoboldIKingV2.Editor", "RiseOfTheKoboldIKingV2.Editor.csproj", "{07B273EE-4385-2744-44FB-E7C345482559}"
EndProject
Project("{FAE04EC0-301F-11D3-BF4B-00C04F79EFBC}") = "RiseOfTheKoboldIKingV2.Editor.Plugins", "RiseOfTheKoboldIKingV2.Editor.Plugins.csproj", "{EEE8A618-1240-7D99-7A7A-4F85F4B9AC54}"
EndProject
Global
	GlobalSection(SolutionConfigurationPlatforms) = preSolution
		Debug|Any CPU = Debug|Any CPU
		Release|Any CPU = Release|Any CPU
	EndGlobalSection
	GlobalSection(ProjectConfigurationPlatforms) = postSolution
		{5E3DAB10-F946-6C54-CBCD-FB78106F3D12}.Debug|Any CPU.ActiveCfg = Debug|Any CPU
		{5E3DAB10-F946-6C54-CBCD-FB78106F3D12}.Debug|Any CPU.Build.0 = Debug|Any CPU
		{5E3DAB10-F946-6C54-CBCD-FB78106F3D12}.Release|Any CPU.ActiveCfg = Release|Any CPU
		{5E3DAB10-F946-6C54-CBCD-FB78106F3D12}.Release|Any CPU.Build.0 = Release|Any CPU
		{29E93A87-3AAC-011D-6394-BC79DA948DD0}.Debug|Any CPU.ActiveCfg = Debug|Any CPU
		{29E93A87-3AAC-011D-6394-BC79DA948DD0}.Debug|Any CPU.Build.0 = Debug|Any CPU
		{29E93A87-3AAC-011D-6394-BC79DA948DD0}.Release|Any CPU.ActiveCfg = Release|Any CPU
		{29E93A87-3AAC-011D-6394-BC79DA948DD0}.Release|Any CPU.Build.0 = Release|Any CPU
		{07B273EE-4385-2744-44FB-E7C345482559}.Debug|Any CPU.ActiveCfg = Debug|Any CPU
		{07B273EE-4385-2744-44FB-E7C345482559}.Debug|Any CPU.Build.0 = Debug|Any CPU
		{07B273EE-4385-2744-44FB-E7C345482559}.Release|Any CPU.ActiveCfg = Release|Any CPU
		{07B273EE-4385-2744-44FB-E7C345482559}.Release|Any CPU.Build.0 = Release|Any CPU
		{EEE8A618-1240-7D99-7A7A-4F85F4B9AC54}.Debug|Any CPU.ActiveCfg = Debug|Any CPU
		{EEE8A618-1240-7D99-7A7A-4F85F4B9AC54}.Debug|Any CPU.Build.0 = Debug|Any CPU
		{EEE8A618-1240-7D99-7A7A-4F85F4B9AC54}.Release|Any CPU.ActiveCfg = Release|Any CPU
		{EEE8A618-1240-7D99-7A7A-4F85F4B9AC54}.Release|Any CPU.Build.0 = Release|Any CPU
	EndGlobalSection
	GlobalSection(SolutionProperties) = preSolution
		HideSolutionNode = FALSE
	EndGlobalSection
EndGlobal
